
Microsoft Visual Studio Solution File, Format Version 11.00
# Visual Studio 2010
Project("{2150E333-8FDC-42A3-9474-1A3956D46DE8}") = "Solution Items", "Solution Items", "{51C91DF8-2856-4255-B7B1-12CE447741AC}"
	ProjectSection(SolutionItems) = preProject
		Local.testsettings = Local.testsettings
		PriceAnalyzer.vsmdi = PriceAnalyzer.vsmdi
		TraceAndTestImpact.testsettings = TraceAndTestImpact.testsettings
	EndProjectSection
EndProject
Project("{FAE04EC0-301F-11D3-BF4B-00C04F79EFBC}") = "PriceTools", "PriceTools\PriceTools.csproj", "{FBE4A744-CACD-4CCC-9746-1692AB3B606B}"
EndProject
Project("{FAE04EC0-301F-11D3-BF4B-00C04F79EFBC}") = "PriceAnalyzer", "PriceAnalyzer\PriceAnalyzer.csproj", "{459025C7-F4B6-40D6-B94C-D927950D076E}"
EndProject
Project("{FAE04EC0-301F-11D3-BF4B-00C04F79EFBC}") = "PriceToolsTest", "PriceToolsTest\PriceToolsTest.csproj", "{7F5054FD-AF22-4E6F-BDF1-81E111CBBCDB}"
EndProject
Project("{FAE04EC0-301F-11D3-BF4B-00C04F79EFBC}") = "PriceChartTools", "PriceChartTools\PriceChartTools.csproj", "{CA835214-9E28-4CB2-95BF-37D5D2927DB7}"
EndProject
Project("{FAE04EC0-301F-11D3-BF4B-00C04F79EFBC}") = "CsvReader", "CsvReader\CsvReader.csproj", "{9E171B34-27C7-4017-B624-803250B399D2}"
EndProject
Project("{FAE04EC0-301F-11D3-BF4B-00C04F79EFBC}") = "Utilities", "Utilities\Utilities.csproj", "{ABB6CEEB-E5C4-4050-8D3E-DFCEE43FC8D9}"
EndProject
Project("{FAE04EC0-301F-11D3-BF4B-00C04F79EFBC}") = "PriceAnalyzerTest", "PriceAnalyzerTest\PriceAnalyzerTest.csproj", "{24780FA7-F5DA-48DC-AE74-918C03268E75}"
EndProject
Project("{FAE04EC0-301F-11D3-BF4B-00C04F79EFBC}") = "Program", "Program\Program.csproj", "{54683842-8486-43F9-B180-CEE8B2D8557E}"
EndProject
Project("{FAE04EC0-301F-11D3-BF4B-00C04F79EFBC}") = "SamplePriceData", "SamplePriceData\SamplePriceData.csproj", "{0C6B87C5-6D7F-43A7-9E42-456DFC558004}"
EndProject
Project("{FAE04EC0-301F-11D3-BF4B-00C04F79EFBC}") = "BackTesting", "BackTesting\BackTesting.csproj", "{6E980D3F-F8EA-412D-9A0D-CC12FDF08965}"
EndProject
Project("{FAE04EC0-301F-11D3-BF4B-00C04F79EFBC}") = "Trading", "Trading\Trading.csproj", "{55C455EC-22FC-47A6-A467-C57B9EDCCEC0}"
EndProject
Global
	GlobalSection(TestCaseManagementSettings) = postSolution
		CategoryFile = PriceAnalyzer.vsmdi
	EndGlobalSection
	GlobalSection(SolutionConfigurationPlatforms) = preSolution
		Debug|Any CPU = Debug|Any CPU
		Debug|x86 = Debug|x86
		Release|Any CPU = Release|Any CPU
		Release|x86 = Release|x86
	EndGlobalSection
	GlobalSection(ProjectConfigurationPlatforms) = postSolution
		{FBE4A744-CACD-4CCC-9746-1692AB3B606B}.Debug|Any CPU.ActiveCfg = Debug|Any CPU
		{FBE4A744-CACD-4CCC-9746-1692AB3B606B}.Debug|Any CPU.Build.0 = Debug|Any CPU
		{FBE4A744-CACD-4CCC-9746-1692AB3B606B}.Debug|x86.ActiveCfg = Debug|Any CPU
		{FBE4A744-CACD-4CCC-9746-1692AB3B606B}.Debug|x86.Build.0 = Debug|Any CPU
		{FBE4A744-CACD-4CCC-9746-1692AB3B606B}.Release|Any CPU.ActiveCfg = Release|Any CPU
		{FBE4A744-CACD-4CCC-9746-1692AB3B606B}.Release|Any CPU.Build.0 = Release|Any CPU
		{FBE4A744-CACD-4CCC-9746-1692AB3B606B}.Release|x86.ActiveCfg = Release|Any CPU
		{FBE4A744-CACD-4CCC-9746-1692AB3B606B}.Release|x86.Build.0 = Release|Any CPU
		{459025C7-F4B6-40D6-B94C-D927950D076E}.Debug|Any CPU.ActiveCfg = Debug|Any CPU
		{459025C7-F4B6-40D6-B94C-D927950D076E}.Debug|Any CPU.Build.0 = Debug|Any CPU
		{459025C7-F4B6-40D6-B94C-D927950D076E}.Debug|x86.ActiveCfg = Debug|Any CPU
		{459025C7-F4B6-40D6-B94C-D927950D076E}.Debug|x86.Build.0 = Debug|Any CPU
		{459025C7-F4B6-40D6-B94C-D927950D076E}.Release|Any CPU.ActiveCfg = Release|Any CPU
		{459025C7-F4B6-40D6-B94C-D927950D076E}.Release|Any CPU.Build.0 = Release|Any CPU
		{459025C7-F4B6-40D6-B94C-D927950D076E}.Release|x86.ActiveCfg = Release|Any CPU
		{459025C7-F4B6-40D6-B94C-D927950D076E}.Release|x86.Build.0 = Release|Any CPU
		{7F5054FD-AF22-4E6F-BDF1-81E111CBBCDB}.Debug|Any CPU.ActiveCfg = Debug|Any CPU
		{7F5054FD-AF22-4E6F-BDF1-81E111CBBCDB}.Debug|Any CPU.Build.0 = Debug|Any CPU
		{7F5054FD-AF22-4E6F-BDF1-81E111CBBCDB}.Debug|x86.ActiveCfg = Debug|Any CPU
		{7F5054FD-AF22-4E6F-BDF1-81E111CBBCDB}.Debug|x86.Build.0 = Debug|Any CPU
		{7F5054FD-AF22-4E6F-BDF1-81E111CBBCDB}.Release|Any CPU.ActiveCfg = Release|Any CPU
		{7F5054FD-AF22-4E6F-BDF1-81E111CBBCDB}.Release|Any CPU.Build.0 = Release|Any CPU
		{7F5054FD-AF22-4E6F-BDF1-81E111CBBCDB}.Release|x86.ActiveCfg = Release|Any CPU
		{7F5054FD-AF22-4E6F-BDF1-81E111CBBCDB}.Release|x86.Build.0 = Release|Any CPU
		{CA835214-9E28-4CB2-95BF-37D5D2927DB7}.Debug|Any CPU.ActiveCfg = Debug|Any CPU
		{CA835214-9E28-4CB2-95BF-37D5D2927DB7}.Debug|Any CPU.Build.0 = Debug|Any CPU
		{CA835214-9E28-4CB2-95BF-37D5D2927DB7}.Debug|x86.ActiveCfg = Debug|Any CPU
		{CA835214-9E28-4CB2-95BF-37D5D2927DB7}.Debug|x86.Build.0 = Debug|Any CPU
		{CA835214-9E28-4CB2-95BF-37D5D2927DB7}.Release|Any CPU.ActiveCfg = Release|Any CPU
		{CA835214-9E28-4CB2-95BF-37D5D2927DB7}.Release|Any CPU.Build.0 = Release|Any CPU
		{CA835214-9E28-4CB2-95BF-37D5D2927DB7}.Release|x86.ActiveCfg = Release|Any CPU
		{CA835214-9E28-4CB2-95BF-37D5D2927DB7}.Release|x86.Build.0 = Release|Any CPU
		{9E171B34-27C7-4017-B624-803250B399D2}.Debug|Any CPU.ActiveCfg = Debug|Any CPU
		{9E171B34-27C7-4017-B624-803250B399D2}.Debug|Any CPU.Build.0 = Debug|Any CPU
		{9E171B34-27C7-4017-B624-803250B399D2}.Debug|x86.ActiveCfg = Debug|Any CPU
		{9E171B34-27C7-4017-B624-803250B399D2}.Debug|x86.Build.0 = Debug|Any CPU
		{9E171B34-27C7-4017-B624-803250B399D2}.Release|Any CPU.ActiveCfg = Release|Any CPU
		{9E171B34-27C7-4017-B624-803250B399D2}.Release|Any CPU.Build.0 = Release|Any CPU
		{9E171B34-27C7-4017-B624-803250B399D2}.Release|x86.ActiveCfg = Release|Any CPU
		{9E171B34-27C7-4017-B624-803250B399D2}.Release|x86.Build.0 = Release|Any CPU
		{ABB6CEEB-E5C4-4050-8D3E-DFCEE43FC8D9}.Debug|Any CPU.ActiveCfg = Debug|Any CPU
		{ABB6CEEB-E5C4-4050-8D3E-DFCEE43FC8D9}.Debug|Any CPU.Build.0 = Debug|Any CPU
		{ABB6CEEB-E5C4-4050-8D3E-DFCEE43FC8D9}.Debug|x86.ActiveCfg = Debug|Any CPU
		{ABB6CEEB-E5C4-4050-8D3E-DFCEE43FC8D9}.Debug|x86.Build.0 = Debug|Any CPU
		{ABB6CEEB-E5C4-4050-8D3E-DFCEE43FC8D9}.Release|Any CPU.ActiveCfg = Release|Any CPU
		{ABB6CEEB-E5C4-4050-8D3E-DFCEE43FC8D9}.Release|Any CPU.Build.0 = Release|Any CPU
		{ABB6CEEB-E5C4-4050-8D3E-DFCEE43FC8D9}.Release|x86.ActiveCfg = Release|Any CPU
		{ABB6CEEB-E5C4-4050-8D3E-DFCEE43FC8D9}.Release|x86.Build.0 = Release|Any CPU
		{24780FA7-F5DA-48DC-AE74-918C03268E75}.Debug|Any CPU.ActiveCfg = Debug|Any CPU
		{24780FA7-F5DA-48DC-AE74-918C03268E75}.Debug|Any CPU.Build.0 = Debug|Any CPU
		{24780FA7-F5DA-48DC-AE74-918C03268E75}.Debug|x86.ActiveCfg = Debug|Any CPU
		{24780FA7-F5DA-48DC-AE74-918C03268E75}.Debug|x86.Build.0 = Debug|Any CPU
		{24780FA7-F5DA-48DC-AE74-918C03268E75}.Release|Any CPU.ActiveCfg = Release|Any CPU
		{24780FA7-F5DA-48DC-AE74-918C03268E75}.Release|Any CPU.Build.0 = Release|Any CPU
		{24780FA7-F5DA-48DC-AE74-918C03268E75}.Release|x86.ActiveCfg = Release|Any CPU
		{24780FA7-F5DA-48DC-AE74-918C03268E75}.Release|x86.Build.0 = Release|Any CPU
		{54683842-8486-43F9-B180-CEE8B2D8557E}.Debug|Any CPU.ActiveCfg = Debug|x86
		{54683842-8486-43F9-B180-CEE8B2D8557E}.Debug|Any CPU.Build.0 = Debug|x86
		{54683842-8486-43F9-B180-CEE8B2D8557E}.Debug|x86.ActiveCfg = Debug|x86
		{54683842-8486-43F9-B180-CEE8B2D8557E}.Debug|x86.Build.0 = Debug|x86
		{54683842-8486-43F9-B180-CEE8B2D8557E}.Release|Any CPU.ActiveCfg = Release|Any CPU
		{54683842-8486-43F9-B180-CEE8B2D8557E}.Release|Any CPU.Build.0 = Release|Any CPU
		{54683842-8486-43F9-B180-CEE8B2D8557E}.Release|x86.ActiveCfg = Release|x86
		{54683842-8486-43F9-B180-CEE8B2D8557E}.Release|x86.Build.0 = Release|x86
		{0C6B87C5-6D7F-43A7-9E42-456DFC558004}.Debug|Any CPU.ActiveCfg = Debug|Any CPU
		{0C6B87C5-6D7F-43A7-9E42-456DFC558004}.Debug|Any CPU.Build.0 = Debug|Any CPU
		{0C6B87C5-6D7F-43A7-9E42-456DFC558004}.Debug|x86.ActiveCfg = Debug|Any CPU
		{0C6B87C5-6D7F-43A7-9E42-456DFC558004}.Release|Any CPU.ActiveCfg = Release|Any CPU
		{0C6B87C5-6D7F-43A7-9E42-456DFC558004}.Release|Any CPU.Build.0 = Release|Any CPU
		{0C6B87C5-6D7F-43A7-9E42-456DFC558004}.Release|x86.ActiveCfg = Release|Any CPU
		{6E980D3F-F8EA-412D-9A0D-CC12FDF08965}.Debug|Any CPU.ActiveCfg = Debug|Any CPU
		{6E980D3F-F8EA-412D-9A0D-CC12FDF08965}.Debug|Any CPU.Build.0 = Debug|Any CPU
		{6E980D3F-F8EA-412D-9A0D-CC12FDF08965}.Debug|x86.ActiveCfg = Debug|Any CPU
		{6E980D3F-F8EA-412D-9A0D-CC12FDF08965}.Release|Any CPU.ActiveCfg = Release|Any CPU
		{6E980D3F-F8EA-412D-9A0D-CC12FDF08965}.Release|Any CPU.Build.0 = Release|Any CPU
		{6E980D3F-F8EA-412D-9A0D-CC12FDF08965}.Release|x86.ActiveCfg = Release|Any CPU
		{55C455EC-22FC-47A6-A467-C57B9EDCCEC0}.Debug|Any CPU.ActiveCfg = Debug|Any CPU
		{55C455EC-22FC-47A6-A467-C57B9EDCCEC0}.Debug|Any CPU.Build.0 = Debug|Any CPU
		{55C455EC-22FC-47A6-A467-C57B9EDCCEC0}.Debug|x86.ActiveCfg = Debug|Any CPU
		{55C455EC-22FC-47A6-A467-C57B9EDCCEC0}.Release|Any CPU.ActiveCfg = Release|Any CPU
		{55C455EC-22FC-47A6-A467-C57B9EDCCEC0}.Release|Any CPU.Build.0 = Release|Any CPU
		{55C455EC-22FC-47A6-A467-C57B9EDCCEC0}.Release|x86.ActiveCfg = Release|Any CPU
	EndGlobalSection
	GlobalSection(SolutionProperties) = preSolution
		HideSolutionNode = FALSE
	EndGlobalSection
EndGlobal
