
Microsoft Visual Studio Solution File, Format Version 10.00
# Visual Studio 2008
Project("{FAE04EC0-301F-11D3-BF4B-00C04F79EFBC}") = "PriceTools2008", "PriceTools\PriceTools2008.csproj", "{9C283316-DA8B-4BF2-910B-5DFA9F71DDE1}"
EndProject
Project("{2150E333-8FDC-42A3-9474-1A3956D46DE8}") = "Solution Items", "Solution Items", "{38C15ABC-6384-4983-8AD0-3A89F07B37EE}"
	ProjectSection(SolutionItems) = preProject
		LocalTestRun2008.testrunconfig = LocalTestRun2008.testrunconfig
		PriceAnalyzer2008.vsmdi = PriceAnalyzer2008.vsmdi
	EndProjectSection
EndProject
Project("{FAE04EC0-301F-11D3-BF4B-00C04F79EFBC}") = "PriceToolsTest2008", "PriceToolsTest\PriceToolsTest2008.csproj", "{E1E5C218-9B8D-4DD3-BBB8-883305E39ECD}"
EndProject
Project("{FAE04EC0-301F-11D3-BF4B-00C04F79EFBC}") = "CsvReader", "CsvReader\CsvReader.csproj", "{9E171B34-27C7-4017-B624-803250B399D2}"
EndProject
Global
	GlobalSection(SolutionConfigurationPlatforms) = preSolution
		Debug|Any CPU = Debug|Any CPU
		Release|Any CPU = Release|Any CPU
	EndGlobalSection
	GlobalSection(ProjectConfigurationPlatforms) = postSolution
		{9C283316-DA8B-4BF2-910B-5DFA9F71DDE1}.Debug|Any CPU.ActiveCfg = Debug|Any CPU
		{9C283316-DA8B-4BF2-910B-5DFA9F71DDE1}.Debug|Any CPU.Build.0 = Debug|Any CPU
		{9C283316-DA8B-4BF2-910B-5DFA9F71DDE1}.Release|Any CPU.ActiveCfg = Release|Any CPU
		{9C283316-DA8B-4BF2-910B-5DFA9F71DDE1}.Release|Any CPU.Build.0 = Release|Any CPU
		{E1E5C218-9B8D-4DD3-BBB8-883305E39ECD}.Debug|Any CPU.ActiveCfg = Debug|Any CPU
		{E1E5C218-9B8D-4DD3-BBB8-883305E39ECD}.Debug|Any CPU.Build.0 = Debug|Any CPU
		{E1E5C218-9B8D-4DD3-BBB8-883305E39ECD}.Release|Any CPU.ActiveCfg = Release|Any CPU
		{E1E5C218-9B8D-4DD3-BBB8-883305E39ECD}.Release|Any CPU.Build.0 = Release|Any CPU
		{9E171B34-27C7-4017-B624-803250B399D2}.Debug|Any CPU.ActiveCfg = Debug|Any CPU
		{9E171B34-27C7-4017-B624-803250B399D2}.Debug|Any CPU.Build.0 = Debug|Any CPU
		{9E171B34-27C7-4017-B624-803250B399D2}.Release|Any CPU.ActiveCfg = Release|Any CPU
		{9E171B34-27C7-4017-B624-803250B399D2}.Release|Any CPU.Build.0 = Release|Any CPU
	EndGlobalSection
	GlobalSection(SolutionProperties) = preSolution
		HideSolutionNode = FALSE
	EndGlobalSection
EndGlobal
